
Microsoft Visual Studio Solution File, Format Version 12.00
EndProject
Project("{2150E333-8FDC-42A3-9474-1A3956D46DE8}") = "HomeWork1", "HomeWork1", "{522D45A1-7047-431B-9A9E-BEE7269FEC94}"
EndProject
Project("{FAE04EC0-301F-11D3-BF4B-00C04F79EFBC}") = "Hw1", "HomeWork1\Hw1\Hw1.csproj", "{AE483A6D-F240-45A8-853A-7135E0B7EA42}"
EndProject
Project("{FAE04EC0-301F-11D3-BF4B-00C04F79EFBC}") = "Hw1Tests", "HomeWork1\Hw1Tests\Hw1Tests.csproj", "{5D4BC296-797A-4223-86C6-F5CFC4CBCD9C}"
EndProject
Project("{2150E333-8FDC-42A3-9474-1A3956D46DE8}") = "HomeWork2", "HomeWork2", "{51BE59C3-24C1-4573-B776-CDDAD350BDDC}"
EndProject
Project("{2150E333-8FDC-42A3-9474-1A3956D46DE8}") = "HomeWork4", "HomeWork4", "{29B697C5-41B1-4F66-9F11-142AEC58B8BD}"
EndProject
Project("{2150E333-8FDC-42A3-9474-1A3956D46DE8}") = "HomeWork5", "HomeWork5", "{25E2926E-CCB3-4335-8157-5F0638CD24C6}"
EndProject
Project("{2150E333-8FDC-42A3-9474-1A3956D46DE8}") = "HomeWork6", "HomeWork6", "{975B8E32-9033-4E23-A50F-CCCFEA22B677}"
EndProject
Project("{FAE04EC0-301F-11D3-BF4B-00C04F79EFBC}") = "Hw2Tests", "HomeWork2\Hw2Tests\Hw2Tests.csproj", "{01CB3B8C-46FE-448C-B793-D75551E49590}"
EndProject
Project("{F571AB99-FB84-49F4-A0DF-F27AA55F3F3F}") = "IlClasses", "HomeWork2\IlClasses\IlClasses.ilproj", "{91F15280-A17E-4A33-A838-2B40D5D300C8}"
EndProject
Project("{F2A71F9B-5D33-465A-A702-920D77279786}") = "Hw4Tests", "HomeWork4\Hw4Tests\Hw4Tests.fsproj", "{CC7A354F-FEB3-435C-8DF2-DCC5C474BF6E}"
EndProject
Project("{F2A71F9B-5D33-465A-A702-920D77279786}") = "Hw5Tests", "HomeWork5\Hw5Tests\Hw5Tests.fsproj", "{636CF1A0-4306-479A-98E3-AF3EDE59FAB1}"
EndProject
Project("{FAE04EC0-301F-11D3-BF4B-00C04F79EFBC}") = "Hw2", "HomeWork2\Hw2\Hw2.csproj", "{7C0647D7-08F3-41E7-8158-8BB0193E7DC1}"
EndProject
Project("{F2A71F9B-5D33-465A-A702-920D77279786}") = "Hw4", "HomeWork4\Hw4\Hw4.fsproj", "{BFDF2547-8ABD-4CD7-BBA2-4AAF965D06CB}"
EndProject
Project("{F2A71F9B-5D33-465A-A702-920D77279786}") = "Hw5", "HomeWork5\Hw5\Hw5.fsproj", "{1DD387E5-E83C-4B50-897F-68430A158ACE}"
EndProject
Project("{F2A71F9B-5D33-465A-A702-920D77279786}") = "Hw6", "HomeWork6\Hw6\Hw6.fsproj", "{3BAE1051-D95D-4A0D-BE28-CD7CF09BCB01}"
EndProject
Project("{FAE04EC0-301F-11D3-BF4B-00C04F79EFBC}") = "Hw6Tests", "HomeWork6\Hw6Tests\Hw6Tests.csproj", "{5930217D-62A5-4ECE-B1D5-B30EF3548389}"
EndProject
Global
	GlobalSection(SolutionConfigurationPlatforms) = preSolution
		Debug|Any CPU = Debug|Any CPU
		Release|Any CPU = Release|Any CPU
	EndGlobalSection
	GlobalSection(ProjectConfigurationPlatforms) = postSolution
		{AE483A6D-F240-45A8-853A-7135E0B7EA42}.Debug|Any CPU.ActiveCfg = Debug|Any CPU
		{AE483A6D-F240-45A8-853A-7135E0B7EA42}.Debug|Any CPU.Build.0 = Debug|Any CPU
		{AE483A6D-F240-45A8-853A-7135E0B7EA42}.Release|Any CPU.ActiveCfg = Release|Any CPU
		{AE483A6D-F240-45A8-853A-7135E0B7EA42}.Release|Any CPU.Build.0 = Release|Any CPU
		{5D4BC296-797A-4223-86C6-F5CFC4CBCD9C}.Debug|Any CPU.ActiveCfg = Debug|Any CPU
		{5D4BC296-797A-4223-86C6-F5CFC4CBCD9C}.Debug|Any CPU.Build.0 = Debug|Any CPU
		{5D4BC296-797A-4223-86C6-F5CFC4CBCD9C}.Release|Any CPU.ActiveCfg = Release|Any CPU
		{5D4BC296-797A-4223-86C6-F5CFC4CBCD9C}.Release|Any CPU.Build.0 = Release|Any CPU
		{01CB3B8C-46FE-448C-B793-D75551E49590}.Debug|Any CPU.ActiveCfg = Debug|Any CPU
		{01CB3B8C-46FE-448C-B793-D75551E49590}.Debug|Any CPU.Build.0 = Debug|Any CPU
		{01CB3B8C-46FE-448C-B793-D75551E49590}.Release|Any CPU.ActiveCfg = Release|Any CPU
		{01CB3B8C-46FE-448C-B793-D75551E49590}.Release|Any CPU.Build.0 = Release|Any CPU
		{91F15280-A17E-4A33-A838-2B40D5D300C8}.Debug|Any CPU.ActiveCfg = Debug|Any CPU
		{91F15280-A17E-4A33-A838-2B40D5D300C8}.Debug|Any CPU.Build.0 = Debug|Any CPU
		{91F15280-A17E-4A33-A838-2B40D5D300C8}.Release|Any CPU.ActiveCfg = Release|Any CPU
		{91F15280-A17E-4A33-A838-2B40D5D300C8}.Release|Any CPU.Build.0 = Release|Any CPU
		{CC7A354F-FEB3-435C-8DF2-DCC5C474BF6E}.Debug|Any CPU.ActiveCfg = Debug|Any CPU
		{CC7A354F-FEB3-435C-8DF2-DCC5C474BF6E}.Debug|Any CPU.Build.0 = Debug|Any CPU
		{CC7A354F-FEB3-435C-8DF2-DCC5C474BF6E}.Release|Any CPU.ActiveCfg = Release|Any CPU
		{CC7A354F-FEB3-435C-8DF2-DCC5C474BF6E}.Release|Any CPU.Build.0 = Release|Any CPU
		{636CF1A0-4306-479A-98E3-AF3EDE59FAB1}.Debug|Any CPU.ActiveCfg = Debug|Any CPU
		{636CF1A0-4306-479A-98E3-AF3EDE59FAB1}.Debug|Any CPU.Build.0 = Debug|Any CPU
		{636CF1A0-4306-479A-98E3-AF3EDE59FAB1}.Release|Any CPU.ActiveCfg = Release|Any CPU
		{636CF1A0-4306-479A-98E3-AF3EDE59FAB1}.Release|Any CPU.Build.0 = Release|Any CPU
		{7C0647D7-08F3-41E7-8158-8BB0193E7DC1}.Debug|Any CPU.ActiveCfg = Debug|Any CPU
		{7C0647D7-08F3-41E7-8158-8BB0193E7DC1}.Debug|Any CPU.Build.0 = Debug|Any CPU
		{7C0647D7-08F3-41E7-8158-8BB0193E7DC1}.Release|Any CPU.ActiveCfg = Release|Any CPU
		{7C0647D7-08F3-41E7-8158-8BB0193E7DC1}.Release|Any CPU.Build.0 = Release|Any CPU
		{BFDF2547-8ABD-4CD7-BBA2-4AAF965D06CB}.Debug|Any CPU.ActiveCfg = Debug|Any CPU
		{BFDF2547-8ABD-4CD7-BBA2-4AAF965D06CB}.Debug|Any CPU.Build.0 = Debug|Any CPU
		{BFDF2547-8ABD-4CD7-BBA2-4AAF965D06CB}.Release|Any CPU.ActiveCfg = Release|Any CPU
		{BFDF2547-8ABD-4CD7-BBA2-4AAF965D06CB}.Release|Any CPU.Build.0 = Release|Any CPU
		{1DD387E5-E83C-4B50-897F-68430A158ACE}.Debug|Any CPU.ActiveCfg = Debug|Any CPU
		{1DD387E5-E83C-4B50-897F-68430A158ACE}.Debug|Any CPU.Build.0 = Debug|Any CPU
		{1DD387E5-E83C-4B50-897F-68430A158ACE}.Release|Any CPU.ActiveCfg = Release|Any CPU
		{1DD387E5-E83C-4B50-897F-68430A158ACE}.Release|Any CPU.Build.0 = Release|Any CPU
		{3BAE1051-D95D-4A0D-BE28-CD7CF09BCB01}.Debug|Any CPU.ActiveCfg = Debug|Any CPU
		{3BAE1051-D95D-4A0D-BE28-CD7CF09BCB01}.Debug|Any CPU.Build.0 = Debug|Any CPU
		{3BAE1051-D95D-4A0D-BE28-CD7CF09BCB01}.Release|Any CPU.ActiveCfg = Release|Any CPU
		{3BAE1051-D95D-4A0D-BE28-CD7CF09BCB01}.Release|Any CPU.Build.0 = Release|Any CPU
		{5930217D-62A5-4ECE-B1D5-B30EF3548389}.Debug|Any CPU.ActiveCfg = Debug|Any CPU
		{5930217D-62A5-4ECE-B1D5-B30EF3548389}.Debug|Any CPU.Build.0 = Debug|Any CPU
		{5930217D-62A5-4ECE-B1D5-B30EF3548389}.Release|Any CPU.ActiveCfg = Release|Any CPU
		{5930217D-62A5-4ECE-B1D5-B30EF3548389}.Release|Any CPU.Build.0 = Release|Any CPU
	EndGlobalSection
	GlobalSection(NestedProjects) = preSolution
		{AE483A6D-F240-45A8-853A-7135E0B7EA42} = {522D45A1-7047-431B-9A9E-BEE7269FEC94}
		{5D4BC296-797A-4223-86C6-F5CFC4CBCD9C} = {522D45A1-7047-431B-9A9E-BEE7269FEC94}
		{01CB3B8C-46FE-448C-B793-D75551E49590} = {51BE59C3-24C1-4573-B776-CDDAD350BDDC}
		{91F15280-A17E-4A33-A838-2B40D5D300C8} = {51BE59C3-24C1-4573-B776-CDDAD350BDDC}
		{CC7A354F-FEB3-435C-8DF2-DCC5C474BF6E} = {29B697C5-41B1-4F66-9F11-142AEC58B8BD}
		{636CF1A0-4306-479A-98E3-AF3EDE59FAB1} = {25E2926E-CCB3-4335-8157-5F0638CD24C6}
		{7C0647D7-08F3-41E7-8158-8BB0193E7DC1} = {51BE59C3-24C1-4573-B776-CDDAD350BDDC}
		{BFDF2547-8ABD-4CD7-BBA2-4AAF965D06CB} = {29B697C5-41B1-4F66-9F11-142AEC58B8BD}
		{1DD387E5-E83C-4B50-897F-68430A158ACE} = {25E2926E-CCB3-4335-8157-5F0638CD24C6}
		{3BAE1051-D95D-4A0D-BE28-CD7CF09BCB01} = {975B8E32-9033-4E23-A50F-CCCFEA22B677}
		{5930217D-62A5-4ECE-B1D5-B30EF3548389} = {975B8E32-9033-4E23-A50F-CCCFEA22B677}
	EndGlobalSection
EndGlobal
